// !$*UTF8*$!
{
	archiveVersion = 1;
	classes = {
	};
	objectVersion = 46;
	objects = {
/* Begin PBXBuildFile section */
		0207DA581B56EA530066E2B4 /* Images.xcassets in Resources */ = {isa = PBXBuildFile; fileRef = 0207DA571B56EA530066E2B4 /* Images.xcassets */; };
		1D3623260D0F684500981E51 /* AppDelegate.m in Sources */ = {isa = PBXBuildFile; fileRef = 1D3623250D0F684500981E51 /* AppDelegate.m */; };
		1D60589B0D05DD56006BFB54 /* main.m in Sources */ = {isa = PBXBuildFile; fileRef = 29B97316FDCFA39411CA2CEA /* main.m */; };
		301BF552109A68D80062928A /* libCordova.a in Frameworks */ = {isa = PBXBuildFile; fileRef = 301BF535109A57CC0062928A /* libCordova.a */; };
		302D95F114D2391D003F00A1 /* MainViewController.m in Sources */ = {isa = PBXBuildFile; fileRef = 302D95EF14D2391D003F00A1 /* MainViewController.m */; };
		302D95F214D2391D003F00A1 /* MainViewController.xib in Resources */ = {isa = PBXBuildFile; fileRef = 302D95F014D2391D003F00A1 /* MainViewController.xib */; };
		3047A5121AB8059700498E2A /* build-debug.xcconfig in Resources */ = {isa = PBXBuildFile; fileRef = 3047A50F1AB8059700498E2A /* build-debug.xcconfig */; };
		3047A5131AB8059700498E2A /* build-release.xcconfig in Resources */ = {isa = PBXBuildFile; fileRef = 3047A5101AB8059700498E2A /* build-release.xcconfig */; };
		3047A5141AB8059700498E2A /* build.xcconfig in Resources */ = {isa = PBXBuildFile; fileRef = 3047A5111AB8059700498E2A /* build.xcconfig */; };
		9835266CAE12452FB1C11E20 /* CDVBattery.m in Sources */ = {isa = PBXBuildFile; fileRef = 5D6101AF38AA4583BBBFE6E5 /* CDVBattery.m */; };
		69A14CF740DE4888A5263273 /* UIImage+CropScaleOrientation.m in Sources */ = {isa = PBXBuildFile; fileRef = 2FB785D389DC49C78614B9A3 /* UIImage+CropScaleOrientation.m */; };
		3CDD5D7CB35A44AD9AD8A5F2 /* CDVCamera.m in Sources */ = {isa = PBXBuildFile; fileRef = 4CB5757FA3554738B94AAFA2 /* CDVCamera.m */; };
		2BB385FB11104C3482A8ACFD /* CDVJpegHeaderWriter.m in Sources */ = {isa = PBXBuildFile; fileRef = FD63101B9C9C4E4CB17AAA91 /* CDVJpegHeaderWriter.m */; };
		9B8B16F4B3C04F2BB8A2E56F /* ImageIO.framework in Frameworks */ = {isa = PBXBuildFile; fileRef = 8E1B867B388F49E88BB6F2A1 /* ImageIO.framework */; settings = {ATTRIBUTES = (Weak, ); }; };
		EE7BAE6A196F4B0D8E212656 /* CoreLocation.framework in Frameworks */ = {isa = PBXBuildFile; fileRef = DDF693C09E9947D69C3A5470 /* CoreLocation.framework */; };
		C7A7DED0ACAC4C6F849E86F9 /* AVFoundation.framework in Frameworks */ = {isa = PBXBuildFile; fileRef = 711FF62E10CF4D6780CBADFF /* AVFoundation.framework */; };
		B937788D800B47B68FFFAFAA /* CDVLogger.m in Sources */ = {isa = PBXBuildFile; fileRef = 158E072F495342E5AE14259F /* CDVLogger.m */; };
		54DE055F2A1A47A39651CD30 /* CDVContacts.m in Sources */ = {isa = PBXBuildFile; fileRef = E3A2317DCB7F4B0390584E8E /* CDVContacts.m */; };
		635B6B2CEBA24E6189AF3986 /* CDVContact.m in Sources */ = {isa = PBXBuildFile; fileRef = D40F36DF9365493882E18FD4 /* CDVContact.m */; };
		2DB22739B22E41EDA0BB7D0C /* AddressBook.framework in Frameworks */ = {isa = PBXBuildFile; fileRef = 4684EC738C2D4BFEBE457543 /* AddressBook.framework */; settings = {ATTRIBUTES = (Weak, ); }; };
		F9F3B440D302420CA598E501 /* AddressBookUI.framework in Frameworks */ = {isa = PBXBuildFile; fileRef = BF158E6145B042CC9EAAC2FE /* AddressBookUI.framework */; settings = {ATTRIBUTES = (Weak, ); }; };
		D8500AA9095F4814AF9B42F6 /* CDVDevice.m in Sources */ = {isa = PBXBuildFile; fileRef = DCED88F89BC345E3A7FF5AC7 /* CDVDevice.m */; };
		ADC40B7864BC40E1A1B83816 /* CDVAccelerometer.m in Sources */ = {isa = PBXBuildFile; fileRef = C890A3AFC01C409483370B7D /* CDVAccelerometer.m */; };
		1CCECC4F6C3D4908983AFA34 /* CoreMotion.framework in Frameworks */ = {isa = PBXBuildFile; fileRef = 7522D00370AB426C9ADE69EC /* CoreMotion.framework */; };
		64597960B0F644DEB9E2028F /* CDVCompass.m in Sources */ = {isa = PBXBuildFile; fileRef = 37F55BF2806149F88C5A4FC3 /* CDVCompass.m */; };
		89F32CE7282F4DDFBE727262 /* CDVNotification.m in Sources */ = {isa = PBXBuildFile; fileRef = 8D2C5D8E38B241CF875A30F9 /* CDVNotification.m */; };
		34A19D0DD5E14F408E92A6D6 /* CDVNotification.bundle in Resources */ = {isa = PBXBuildFile; fileRef = 4DFFFFE07F424574AF11EF70 /* CDVNotification.bundle */; };
		9E55F3B104E544A6A487DA11 /* AudioToolbox.framework in Frameworks */ = {isa = PBXBuildFile; fileRef = 2D2F267EBE3645778C579129 /* AudioToolbox.framework */; settings = {ATTRIBUTES = (Weak, ); }; };
		A2248A37789A479FB808D36B /* CDVFile.m in Sources */ = {isa = PBXBuildFile; fileRef = 8B0153A7A6314D678766BE2B /* CDVFile.m */; };
		662A7902086F4B1EB828B789 /* CDVLocalFilesystem.m in Sources */ = {isa = PBXBuildFile; fileRef = A93B1DBAA77A4F2A946A9389 /* CDVLocalFilesystem.m */; };
		994A5203E13E480D8B9ED45E /* CDVAssetLibraryFilesystem.m in Sources */ = {isa = PBXBuildFile; fileRef = 1A9232098A1C40F99499300A /* CDVAssetLibraryFilesystem.m */; };
		5B7534C5EA464851A87C402E /* CDVFileTransfer.m in Sources */ = {isa = PBXBuildFile; fileRef = D516538B3B1C44EF94BAE113 /* CDVFileTransfer.m */; };
		0619BC1151674A8C830B9EE8 /* CDVLocation.m in Sources */ = {isa = PBXBuildFile; fileRef = 9CDAA1113ADB4475B4BF2CDF /* CDVLocation.m */; };
		820DC810602D4485861FE14C /* CDVGlobalization.m in Sources */ = {isa = PBXBuildFile; fileRef = 34281F22344548E3A23CE73C /* CDVGlobalization.m */; };
		2C6CE008BF624DE0BCB6F4FB /* CDVInAppBrowser.m in Sources */ = {isa = PBXBuildFile; fileRef = F8E9CF1BFBD14A21A0EC382B /* CDVInAppBrowser.m */; };
		B2112DCCDA1345F6A9791CB1 /* CDVSound.m in Sources */ = {isa = PBXBuildFile; fileRef = D1BFDE46E5414B7A8DFE717A /* CDVSound.m */; };
		F5C84DD585A0488C8F7B49CD /* CDVCapture.m in Sources */ = {isa = PBXBuildFile; fileRef = 5D9A0EEDE8684C99A98B200A /* CDVCapture.m */; };
		B28E372015DA49DD9846A1B8 /* CDVCapture.bundle in Resources */ = {isa = PBXBuildFile; fileRef = E707D5510C2F4D7C83171244 /* CDVCapture.bundle */; };
		91BA2986F2EA44A4A45D37A2 /* CDVConnection.m in Sources */ = {isa = PBXBuildFile; fileRef = 79DADACEBFBC45D6B2C99C96 /* CDVConnection.m */; };
		C12A2283CF844A41A51CD40B /* CDVReachability.m in Sources */ = {isa = PBXBuildFile; fileRef = 38513A01F3DA497F9D7B792A /* CDVReachability.m */; };
		DC1B2B9CD035485F95FF8DD7 /* SystemConfiguration.framework in Frameworks */ = {isa = PBXBuildFile; fileRef = 32A8FF12ED684BDAB38991D9 /* SystemConfiguration.framework */; settings = {ATTRIBUTES = (Weak, ); }; };
		3E2D6433FBDB4085A94484CC /* CoreTelephony.framework in Frameworks */ = {isa = PBXBuildFile; fileRef = 70029A843CFF4EF79ADC4B45 /* CoreTelephony.framework */; };
		D3B3F16D3FCC44DC92DF36B9 /* CDVSplashScreen.m in Sources */ = {isa = PBXBuildFile; fileRef = 1F5CADAD03A341C9AFFDE33B /* CDVSplashScreen.m */; };
		F5998018E56C47C9A6EC1F7B /* CDVViewController+SplashScreen.m in Sources */ = {isa = PBXBuildFile; fileRef = 9B722DE805F74AEC8A193D1D /* CDVViewController+SplashScreen.m */; };
		9C714F82DD2B4675BDB041B4 /* CDVStatusBar.m in Sources */ = {isa = PBXBuildFile; fileRef = C46B8B38E7564667A69E289B /* CDVStatusBar.m */; };
		2B580688BB0842578F563D59 /* CDVVibration.m in Sources */ = {isa = PBXBuildFile; fileRef = F82356A4511B49F39A73D7F7 /* CDVVibration.m */; };
/* End PBXBuildFile section */

/* Begin PBXContainerItemProxy section */
		301BF534109A57CC0062928A /* PBXContainerItemProxy */ = {
			isa = PBXContainerItemProxy;
			containerPortal = 301BF52D109A57CC0062928A /* CordovaLib.xcodeproj */;
			proxyType = 2;
			remoteGlobalIDString = D2AAC07E0554694100DB518D;
			remoteInfo = CordovaLib;
		};
		301BF550109A68C00062928A /* PBXContainerItemProxy */ = {
			isa = PBXContainerItemProxy;
			containerPortal = 301BF52D109A57CC0062928A /* CordovaLib.xcodeproj */;
			proxyType = 1;
			remoteGlobalIDString = D2AAC07D0554694100DB518D;
			remoteInfo = CordovaLib;
		};
/* End PBXContainerItemProxy section */

/* Begin PBXFileReference section */
		0207DA571B56EA530066E2B4 /* Images.xcassets */ = {isa = PBXFileReference; lastKnownFileType = folder.assetcatalog; name = Images.xcassets; path = "shri-tv/Images.xcassets"; sourceTree = SOURCE_ROOT; };
		1D3623240D0F684500981E51 /* AppDelegate.h */ = {isa = PBXFileReference; fileEncoding = 4; lastKnownFileType = sourcecode.c.h; path = AppDelegate.h; sourceTree = "<group>"; };
		1D3623250D0F684500981E51 /* AppDelegate.m */ = {isa = PBXFileReference; fileEncoding = 4; lastKnownFileType = sourcecode.c.objc; path = AppDelegate.m; sourceTree = "<group>"; };
		1D6058910D05DD3D006BFB54 /* shri-tv.app */ = {isa = PBXFileReference; explicitFileType = wrapper.application; includeInIndex = 0; path = "shri-tv.app"; sourceTree = BUILT_PRODUCTS_DIR; };
		29B97316FDCFA39411CA2CEA /* main.m */ = {isa = PBXFileReference; fileEncoding = 4; lastKnownFileType = sourcecode.c.objc; path = main.m; sourceTree = "<group>"; };
		301BF52D109A57CC0062928A /* CordovaLib.xcodeproj */ = {isa = PBXFileReference; lastKnownFileType = "wrapper.pb-project"; name = CordovaLib.xcodeproj; path = CordovaLib/CordovaLib.xcodeproj; sourceTree = "<group>"; };
		301BF56E109A69640062928A /* www */ = {isa = PBXFileReference; lastKnownFileType = folder; path = www; sourceTree = SOURCE_ROOT; };
		302D95EE14D2391D003F00A1 /* MainViewController.h */ = {isa = PBXFileReference; fileEncoding = 4; lastKnownFileType = sourcecode.c.h; path = MainViewController.h; sourceTree = "<group>"; };
		302D95EF14D2391D003F00A1 /* MainViewController.m */ = {isa = PBXFileReference; fileEncoding = 4; lastKnownFileType = sourcecode.c.objc; path = MainViewController.m; sourceTree = "<group>"; };
		302D95F014D2391D003F00A1 /* MainViewController.xib */ = {isa = PBXFileReference; fileEncoding = 4; lastKnownFileType = file.xib; path = MainViewController.xib; sourceTree = "<group>"; };
		3047A50F1AB8059700498E2A /* build-debug.xcconfig */ = {isa = PBXFileReference; fileEncoding = 4; lastKnownFileType = text.xcconfig; name = "build-debug.xcconfig"; path = cordova/build-debug.xcconfig; sourceTree = SOURCE_ROOT; };
		3047A5101AB8059700498E2A /* build-release.xcconfig */ = {isa = PBXFileReference; fileEncoding = 4; lastKnownFileType = text.xcconfig; name = "build-release.xcconfig"; path = cordova/build-release.xcconfig; sourceTree = SOURCE_ROOT; };
		3047A5111AB8059700498E2A /* build.xcconfig */ = {isa = PBXFileReference; fileEncoding = 4; lastKnownFileType = text.xcconfig; name = build.xcconfig; path = cordova/build.xcconfig; sourceTree = SOURCE_ROOT; };
		32CA4F630368D1EE00C91783 /* shri-tv-Prefix.pch */ = {isa = PBXFileReference; fileEncoding = 4; lastKnownFileType = sourcecode.c.h; path = "shri-tv-Prefix.pch"; sourceTree = "<group>"; };
		8D1107310486CEB800E47090 /* shri-tv-Info.plist */ = {isa = PBXFileReference; fileEncoding = 4; lastKnownFileType = text.plist.xml; name = "shri-tv-Info.plist"; path = "shri-tv/shri-tv-Info.plist"; plistStructureDefinitionIdentifier = "com.apple.xcode.plist.structure-definition.iphone.info-plist"; sourceTree = SOURCE_ROOT; };
		EB87FDF31871DA8E0020F90C /* www */ = {isa = PBXFileReference; lastKnownFileType = folder; name = www; path = ../../www; sourceTree = "<group>"; };
		EB87FDF41871DAF40020F90C /* config.xml */ = {isa = PBXFileReference; lastKnownFileType = text.xml; name = config.xml; path = ../../config.xml; sourceTree = "<group>"; };
		F840E1F0165FE0F500CFE078 /* config.xml */ = {isa = PBXFileReference; lastKnownFileType = text.xml; name = config.xml; path = "shri-tv/config.xml"; sourceTree = "<group>"; };
		ED33DF2A687741AEAF9F8254 /* Bridging-Header.h */ = {isa = PBXFileReference; fileEncoding = 4; lastKnownFileType = sourcecode.c.h; name = "Bridging-Header.h"; path = "Bridging-Header.h"; sourceTree = "<group>"; };
		5D6101AF38AA4583BBBFE6E5 /* CDVBattery.m */ = {isa = PBXFileReference; name = "CDVBattery.m"; path = "cordova-plugin-battery-status/CDVBattery.m"; sourceTree = "<group>"; fileEncoding = 4; lastKnownFileType = sourcecode.c.objc; explicitFileType = undefined; includeInIndex = 0; };
		F0DBCD4CC34E4039852F636D /* CDVBattery.h */ = {isa = PBXFileReference; name = "CDVBattery.h"; path = "cordova-plugin-battery-status/CDVBattery.h"; sourceTree = "<group>"; fileEncoding = 4; lastKnownFileType = sourcecode.c.h; explicitFileType = undefined; includeInIndex = 0; };
		2FB785D389DC49C78614B9A3 /* UIImage+CropScaleOrientation.m */ = {isa = PBXFileReference; name = "UIImage+CropScaleOrientation.m"; path = "cordova-plugin-camera/UIImage+CropScaleOrientation.m"; sourceTree = "<group>"; fileEncoding = 4; lastKnownFileType = sourcecode.c.objc; explicitFileType = undefined; includeInIndex = 0; };
		4CB5757FA3554738B94AAFA2 /* CDVCamera.m */ = {isa = PBXFileReference; name = "CDVCamera.m"; path = "cordova-plugin-camera/CDVCamera.m"; sourceTree = "<group>"; fileEncoding = 4; lastKnownFileType = sourcecode.c.objc; explicitFileType = undefined; includeInIndex = 0; };
		FD63101B9C9C4E4CB17AAA91 /* CDVJpegHeaderWriter.m */ = {isa = PBXFileReference; name = "CDVJpegHeaderWriter.m"; path = "cordova-plugin-camera/CDVJpegHeaderWriter.m"; sourceTree = "<group>"; fileEncoding = 4; lastKnownFileType = sourcecode.c.objc; explicitFileType = undefined; includeInIndex = 0; };
		B1F5E101BC064265B8CF209D /* UIImage+CropScaleOrientation.h */ = {isa = PBXFileReference; name = "UIImage+CropScaleOrientation.h"; path = "cordova-plugin-camera/UIImage+CropScaleOrientation.h"; sourceTree = "<group>"; fileEncoding = 4; lastKnownFileType = sourcecode.c.h; explicitFileType = undefined; includeInIndex = 0; };
		1BB1D225F6F242DA8FF9062A /* CDVCamera.h */ = {isa = PBXFileReference; name = "CDVCamera.h"; path = "cordova-plugin-camera/CDVCamera.h"; sourceTree = "<group>"; fileEncoding = 4; lastKnownFileType = sourcecode.c.h; explicitFileType = undefined; includeInIndex = 0; };
		48ACC58F2DBB4809B73ABA9D /* CDVJpegHeaderWriter.h */ = {isa = PBXFileReference; name = "CDVJpegHeaderWriter.h"; path = "cordova-plugin-camera/CDVJpegHeaderWriter.h"; sourceTree = "<group>"; fileEncoding = 4; lastKnownFileType = sourcecode.c.h; explicitFileType = undefined; includeInIndex = 0; };
		BAC273ECC61343A8B462DFF4 /* CDVExif.h */ = {isa = PBXFileReference; name = "CDVExif.h"; path = "cordova-plugin-camera/CDVExif.h"; sourceTree = "<group>"; fileEncoding = 4; lastKnownFileType = sourcecode.c.h; explicitFileType = undefined; includeInIndex = 0; };
		8E1B867B388F49E88BB6F2A1 /* ImageIO.framework */ = {isa = PBXFileReference; name = "ImageIO.framework"; path = "System/Library/Frameworks/ImageIO.framework"; sourceTree = SDKROOT; fileEncoding = undefined; lastKnownFileType = wrapper.framework; explicitFileType = undefined; includeInIndex = 0; };
		DDF693C09E9947D69C3A5470 /* CoreLocation.framework */ = {isa = PBXFileReference; name = "CoreLocation.framework"; path = "System/Library/Frameworks/CoreLocation.framework"; sourceTree = SDKROOT; fileEncoding = undefined; lastKnownFileType = wrapper.framework; explicitFileType = undefined; includeInIndex = 0; };
		711FF62E10CF4D6780CBADFF /* AVFoundation.framework */ = {isa = PBXFileReference; name = "AVFoundation.framework"; path = "System/Library/Frameworks/AVFoundation.framework"; sourceTree = SDKROOT; fileEncoding = undefined; lastKnownFileType = wrapper.framework; explicitFileType = undefined; includeInIndex = 0; };
		158E072F495342E5AE14259F /* CDVLogger.m */ = {isa = PBXFileReference; name = "CDVLogger.m"; path = "cordova-plugin-console/CDVLogger.m"; sourceTree = "<group>"; fileEncoding = 4; lastKnownFileType = sourcecode.c.objc; explicitFileType = undefined; includeInIndex = 0; };
		C51DC7711EC94C91BBC82449 /* CDVLogger.h */ = {isa = PBXFileReference; name = "CDVLogger.h"; path = "cordova-plugin-console/CDVLogger.h"; sourceTree = "<group>"; fileEncoding = 4; lastKnownFileType = sourcecode.c.h; explicitFileType = undefined; includeInIndex = 0; };
		E3A2317DCB7F4B0390584E8E /* CDVContacts.m */ = {isa = PBXFileReference; name = "CDVContacts.m"; path = "cordova-plugin-contacts/CDVContacts.m"; sourceTree = "<group>"; fileEncoding = 4; lastKnownFileType = sourcecode.c.objc; explicitFileType = undefined; includeInIndex = 0; };
		D40F36DF9365493882E18FD4 /* CDVContact.m */ = {isa = PBXFileReference; name = "CDVContact.m"; path = "cordova-plugin-contacts/CDVContact.m"; sourceTree = "<group>"; fileEncoding = 4; lastKnownFileType = sourcecode.c.objc; explicitFileType = undefined; includeInIndex = 0; };
		83622C191C154B1D8A25B261 /* CDVContacts.h */ = {isa = PBXFileReference; name = "CDVContacts.h"; path = "cordova-plugin-contacts/CDVContacts.h"; sourceTree = "<group>"; fileEncoding = 4; lastKnownFileType = sourcecode.c.h; explicitFileType = undefined; includeInIndex = 0; };
		C34FFE992CB349BA86F17297 /* CDVContact.h */ = {isa = PBXFileReference; name = "CDVContact.h"; path = "cordova-plugin-contacts/CDVContact.h"; sourceTree = "<group>"; fileEncoding = 4; lastKnownFileType = sourcecode.c.h; explicitFileType = undefined; includeInIndex = 0; };
		4684EC738C2D4BFEBE457543 /* AddressBook.framework */ = {isa = PBXFileReference; name = "AddressBook.framework"; path = "System/Library/Frameworks/AddressBook.framework"; sourceTree = SDKROOT; fileEncoding = undefined; lastKnownFileType = wrapper.framework; explicitFileType = undefined; includeInIndex = 0; };
		BF158E6145B042CC9EAAC2FE /* AddressBookUI.framework */ = {isa = PBXFileReference; name = "AddressBookUI.framework"; path = "System/Library/Frameworks/AddressBookUI.framework"; sourceTree = SDKROOT; fileEncoding = undefined; lastKnownFileType = wrapper.framework; explicitFileType = undefined; includeInIndex = 0; };
		DCED88F89BC345E3A7FF5AC7 /* CDVDevice.m */ = {isa = PBXFileReference; name = "CDVDevice.m"; path = "cordova-plugin-device/CDVDevice.m"; sourceTree = "<group>"; fileEncoding = 4; lastKnownFileType = sourcecode.c.objc; explicitFileType = undefined; includeInIndex = 0; };
		9A6779DE44EE49C19E36F636 /* CDVDevice.h */ = {isa = PBXFileReference; name = "CDVDevice.h"; path = "cordova-plugin-device/CDVDevice.h"; sourceTree = "<group>"; fileEncoding = 4; lastKnownFileType = sourcecode.c.h; explicitFileType = undefined; includeInIndex = 0; };
		C890A3AFC01C409483370B7D /* CDVAccelerometer.m */ = {isa = PBXFileReference; name = "CDVAccelerometer.m"; path = "cordova-plugin-device-motion/CDVAccelerometer.m"; sourceTree = "<group>"; fileEncoding = 4; lastKnownFileType = sourcecode.c.objc; explicitFileType = undefined; includeInIndex = 0; };
		D96389BFBD0645489886BFE2 /* CDVAccelerometer.h */ = {isa = PBXFileReference; name = "CDVAccelerometer.h"; path = "cordova-plugin-device-motion/CDVAccelerometer.h"; sourceTree = "<group>"; fileEncoding = 4; lastKnownFileType = sourcecode.c.h; explicitFileType = undefined; includeInIndex = 0; };
		7522D00370AB426C9ADE69EC /* CoreMotion.framework */ = {isa = PBXFileReference; name = "CoreMotion.framework"; path = "System/Library/Frameworks/CoreMotion.framework"; sourceTree = SDKROOT; fileEncoding = undefined; lastKnownFileType = wrapper.framework; explicitFileType = undefined; includeInIndex = 0; };
		37F55BF2806149F88C5A4FC3 /* CDVCompass.m */ = {isa = PBXFileReference; name = "CDVCompass.m"; path = "cordova-plugin-device-orientation/CDVCompass.m"; sourceTree = "<group>"; fileEncoding = 4; lastKnownFileType = sourcecode.c.objc; explicitFileType = undefined; includeInIndex = 0; };
		F7377A10335E421289DCA0C9 /* CDVCompass.h */ = {isa = PBXFileReference; name = "CDVCompass.h"; path = "cordova-plugin-device-orientation/CDVCompass.h"; sourceTree = "<group>"; fileEncoding = 4; lastKnownFileType = sourcecode.c.h; explicitFileType = undefined; includeInIndex = 0; };
		8D2C5D8E38B241CF875A30F9 /* CDVNotification.m */ = {isa = PBXFileReference; name = "CDVNotification.m"; path = "cordova-plugin-dialogs/CDVNotification.m"; sourceTree = "<group>"; fileEncoding = 4; lastKnownFileType = sourcecode.c.objc; explicitFileType = undefined; includeInIndex = 0; };
		9C784E1732D545AB8A3F3335 /* CDVNotification.h */ = {isa = PBXFileReference; name = "CDVNotification.h"; path = "cordova-plugin-dialogs/CDVNotification.h"; sourceTree = "<group>"; fileEncoding = 4; lastKnownFileType = sourcecode.c.h; explicitFileType = undefined; includeInIndex = 0; };
		4DFFFFE07F424574AF11EF70 /* CDVNotification.bundle */ = {isa = PBXFileReference; name = "CDVNotification.bundle"; path = "CDVNotification.bundle"; sourceTree = "<group>"; fileEncoding = undefined; lastKnownFileType = wrapper.plug-in; explicitFileType = undefined; includeInIndex = 0; };
		2D2F267EBE3645778C579129 /* AudioToolbox.framework */ = {isa = PBXFileReference; name = "AudioToolbox.framework"; path = "System/Library/Frameworks/AudioToolbox.framework"; sourceTree = SDKROOT; fileEncoding = undefined; lastKnownFileType = wrapper.framework; explicitFileType = undefined; includeInIndex = 0; };
		8B0153A7A6314D678766BE2B /* CDVFile.m */ = {isa = PBXFileReference; name = "CDVFile.m"; path = "cordova-plugin-file/CDVFile.m"; sourceTree = "<group>"; fileEncoding = 4; lastKnownFileType = sourcecode.c.objc; explicitFileType = undefined; includeInIndex = 0; };
		A93B1DBAA77A4F2A946A9389 /* CDVLocalFilesystem.m */ = {isa = PBXFileReference; name = "CDVLocalFilesystem.m"; path = "cordova-plugin-file/CDVLocalFilesystem.m"; sourceTree = "<group>"; fileEncoding = 4; lastKnownFileType = sourcecode.c.objc; explicitFileType = undefined; includeInIndex = 0; };
		1A9232098A1C40F99499300A /* CDVAssetLibraryFilesystem.m */ = {isa = PBXFileReference; name = "CDVAssetLibraryFilesystem.m"; path = "cordova-plugin-file/CDVAssetLibraryFilesystem.m"; sourceTree = "<group>"; fileEncoding = 4; lastKnownFileType = sourcecode.c.objc; explicitFileType = undefined; includeInIndex = 0; };
		F4FE2AA3D67249A49E2EC723 /* CDVFile.h */ = {isa = PBXFileReference; name = "CDVFile.h"; path = "cordova-plugin-file/CDVFile.h"; sourceTree = "<group>"; fileEncoding = 4; lastKnownFileType = sourcecode.c.h; explicitFileType = undefined; includeInIndex = 0; };
		3220ED75D5774D908B938A32 /* CDVLocalFilesystem.h */ = {isa = PBXFileReference; name = "CDVLocalFilesystem.h"; path = "cordova-plugin-file/CDVLocalFilesystem.h"; sourceTree = "<group>"; fileEncoding = 4; lastKnownFileType = sourcecode.c.h; explicitFileType = undefined; includeInIndex = 0; };
		2C708F1E29F8415281AAC4FE /* CDVAssetLibraryFilesystem.h */ = {isa = PBXFileReference; name = "CDVAssetLibraryFilesystem.h"; path = "cordova-plugin-file/CDVAssetLibraryFilesystem.h"; sourceTree = "<group>"; fileEncoding = 4; lastKnownFileType = sourcecode.c.h; explicitFileType = undefined; includeInIndex = 0; };
		D516538B3B1C44EF94BAE113 /* CDVFileTransfer.m */ = {isa = PBXFileReference; name = "CDVFileTransfer.m"; path = "cordova-plugin-file-transfer/CDVFileTransfer.m"; sourceTree = "<group>"; fileEncoding = 4; lastKnownFileType = sourcecode.c.objc; explicitFileType = undefined; includeInIndex = 0; };
		CF5F922E4B904D7989992DD2 /* CDVFileTransfer.h */ = {isa = PBXFileReference; name = "CDVFileTransfer.h"; path = "cordova-plugin-file-transfer/CDVFileTransfer.h"; sourceTree = "<group>"; fileEncoding = 4; lastKnownFileType = sourcecode.c.h; explicitFileType = undefined; includeInIndex = 0; };
		9CDAA1113ADB4475B4BF2CDF /* CDVLocation.m */ = {isa = PBXFileReference; name = "CDVLocation.m"; path = "cordova-plugin-geolocation/CDVLocation.m"; sourceTree = "<group>"; fileEncoding = 4; lastKnownFileType = sourcecode.c.objc; explicitFileType = undefined; includeInIndex = 0; };
		0FDA9F207E524B9D8EF451CA /* CDVLocation.h */ = {isa = PBXFileReference; name = "CDVLocation.h"; path = "cordova-plugin-geolocation/CDVLocation.h"; sourceTree = "<group>"; fileEncoding = 4; lastKnownFileType = sourcecode.c.h; explicitFileType = undefined; includeInIndex = 0; };
		34281F22344548E3A23CE73C /* CDVGlobalization.m */ = {isa = PBXFileReference; name = "CDVGlobalization.m"; path = "cordova-plugin-globalization/CDVGlobalization.m"; sourceTree = "<group>"; fileEncoding = 4; lastKnownFileType = sourcecode.c.objc; explicitFileType = undefined; includeInIndex = 0; };
		1862D0E3C1AA4DA2A3480EF0 /* CDVGlobalization.h */ = {isa = PBXFileReference; name = "CDVGlobalization.h"; path = "cordova-plugin-globalization/CDVGlobalization.h"; sourceTree = "<group>"; fileEncoding = 4; lastKnownFileType = sourcecode.c.h; explicitFileType = undefined; includeInIndex = 0; };
		F8E9CF1BFBD14A21A0EC382B /* CDVInAppBrowser.m */ = {isa = PBXFileReference; name = "CDVInAppBrowser.m"; path = "cordova-plugin-inappbrowser/CDVInAppBrowser.m"; sourceTree = "<group>"; fileEncoding = 4; lastKnownFileType = sourcecode.c.objc; explicitFileType = undefined; includeInIndex = 0; };
		7E6C39D677584ED0B54B1E14 /* CDVInAppBrowser.h */ = {isa = PBXFileReference; name = "CDVInAppBrowser.h"; path = "cordova-plugin-inappbrowser/CDVInAppBrowser.h"; sourceTree = "<group>"; fileEncoding = 4; lastKnownFileType = sourcecode.c.h; explicitFileType = undefined; includeInIndex = 0; };
		D1BFDE46E5414B7A8DFE717A /* CDVSound.m */ = {isa = PBXFileReference; name = "CDVSound.m"; path = "cordova-plugin-media/CDVSound.m"; sourceTree = "<group>"; fileEncoding = 4; lastKnownFileType = sourcecode.c.objc; explicitFileType = undefined; includeInIndex = 0; };
		75F45DA6FBD746CFAE95683F /* CDVSound.h */ = {isa = PBXFileReference; name = "CDVSound.h"; path = "cordova-plugin-media/CDVSound.h"; sourceTree = "<group>"; fileEncoding = 4; lastKnownFileType = sourcecode.c.h; explicitFileType = undefined; includeInIndex = 0; };
		5D9A0EEDE8684C99A98B200A /* CDVCapture.m */ = {isa = PBXFileReference; name = "CDVCapture.m"; path = "cordova-plugin-media-capture/CDVCapture.m"; sourceTree = "<group>"; fileEncoding = 4; lastKnownFileType = sourcecode.c.objc; explicitFileType = undefined; includeInIndex = 0; };
		A240467BDD4D47F88E66B503 /* CDVCapture.h */ = {isa = PBXFileReference; name = "CDVCapture.h"; path = "cordova-plugin-media-capture/CDVCapture.h"; sourceTree = "<group>"; fileEncoding = 4; lastKnownFileType = sourcecode.c.h; explicitFileType = undefined; includeInIndex = 0; };
		E707D5510C2F4D7C83171244 /* CDVCapture.bundle */ = {isa = PBXFileReference; name = "CDVCapture.bundle"; path = "CDVCapture.bundle"; sourceTree = "<group>"; fileEncoding = undefined; lastKnownFileType = wrapper.plug-in; explicitFileType = undefined; includeInIndex = 0; };
		79DADACEBFBC45D6B2C99C96 /* CDVConnection.m */ = {isa = PBXFileReference; name = "CDVConnection.m"; path = "cordova-plugin-network-information/CDVConnection.m"; sourceTree = "<group>"; fileEncoding = 4; lastKnownFileType = sourcecode.c.objc; explicitFileType = undefined; includeInIndex = 0; };
		38513A01F3DA497F9D7B792A /* CDVReachability.m */ = {isa = PBXFileReference; name = "CDVReachability.m"; path = "cordova-plugin-network-information/CDVReachability.m"; sourceTree = "<group>"; fileEncoding = 4; lastKnownFileType = sourcecode.c.objc; explicitFileType = undefined; includeInIndex = 0; };
		67F39C83D8634994A7FEF222 /* CDVConnection.h */ = {isa = PBXFileReference; name = "CDVConnection.h"; path = "cordova-plugin-network-information/CDVConnection.h"; sourceTree = "<group>"; fileEncoding = 4; lastKnownFileType = sourcecode.c.h; explicitFileType = undefined; includeInIndex = 0; };
		2CF078C3E48046DD939C8826 /* CDVReachability.h */ = {isa = PBXFileReference; name = "CDVReachability.h"; path = "cordova-plugin-network-information/CDVReachability.h"; sourceTree = "<group>"; fileEncoding = 4; lastKnownFileType = sourcecode.c.h; explicitFileType = undefined; includeInIndex = 0; };
		32A8FF12ED684BDAB38991D9 /* SystemConfiguration.framework */ = {isa = PBXFileReference; name = "SystemConfiguration.framework"; path = "System/Library/Frameworks/SystemConfiguration.framework"; sourceTree = SDKROOT; fileEncoding = undefined; lastKnownFileType = wrapper.framework; explicitFileType = undefined; includeInIndex = 0; };
		70029A843CFF4EF79ADC4B45 /* CoreTelephony.framework */ = {isa = PBXFileReference; name = "CoreTelephony.framework"; path = "System/Library/Frameworks/CoreTelephony.framework"; sourceTree = SDKROOT; fileEncoding = undefined; lastKnownFileType = wrapper.framework; explicitFileType = undefined; includeInIndex = 0; };
		1F5CADAD03A341C9AFFDE33B /* CDVSplashScreen.m */ = {isa = PBXFileReference; name = "CDVSplashScreen.m"; path = "cordova-plugin-splashscreen/CDVSplashScreen.m"; sourceTree = "<group>"; fileEncoding = 4; lastKnownFileType = sourcecode.c.objc; explicitFileType = undefined; includeInIndex = 0; };
		9B722DE805F74AEC8A193D1D /* CDVViewController+SplashScreen.m */ = {isa = PBXFileReference; name = "CDVViewController+SplashScreen.m"; path = "cordova-plugin-splashscreen/CDVViewController+SplashScreen.m"; sourceTree = "<group>"; fileEncoding = 4; lastKnownFileType = sourcecode.c.objc; explicitFileType = undefined; includeInIndex = 0; };
		32AB8E23FDB14C6C98407CA7 /* CDVSplashScreen.h */ = {isa = PBXFileReference; name = "CDVSplashScreen.h"; path = "cordova-plugin-splashscreen/CDVSplashScreen.h"; sourceTree = "<group>"; fileEncoding = 4; lastKnownFileType = sourcecode.c.h; explicitFileType = undefined; includeInIndex = 0; };
		44D0F06296F54AF2A6597218 /* CDVViewController+SplashScreen.h */ = {isa = PBXFileReference; name = "CDVViewController+SplashScreen.h"; path = "cordova-plugin-splashscreen/CDVViewController+SplashScreen.h"; sourceTree = "<group>"; fileEncoding = 4; lastKnownFileType = sourcecode.c.h; explicitFileType = undefined; includeInIndex = 0; };
		C46B8B38E7564667A69E289B /* CDVStatusBar.m */ = {isa = PBXFileReference; name = "CDVStatusBar.m"; path = "cordova-plugin-statusbar/CDVStatusBar.m"; sourceTree = "<group>"; fileEncoding = 4; lastKnownFileType = sourcecode.c.objc; explicitFileType = undefined; includeInIndex = 0; };
		3B1BEA3051DC44B9B348F875 /* CDVStatusBar.h */ = {isa = PBXFileReference; name = "CDVStatusBar.h"; path = "cordova-plugin-statusbar/CDVStatusBar.h"; sourceTree = "<group>"; fileEncoding = 4; lastKnownFileType = sourcecode.c.h; explicitFileType = undefined; includeInIndex = 0; };
		F82356A4511B49F39A73D7F7 /* CDVVibration.m */ = {isa = PBXFileReference; name = "CDVVibration.m"; path = "cordova-plugin-vibration/CDVVibration.m"; sourceTree = "<group>"; fileEncoding = 4; lastKnownFileType = sourcecode.c.objc; explicitFileType = undefined; includeInIndex = 0; };
		95FCCAF9F22A4291B2819415 /* CDVVibration.h */ = {isa = PBXFileReference; name = "CDVVibration.h"; path = "cordova-plugin-vibration/CDVVibration.h"; sourceTree = "<group>"; fileEncoding = 4; lastKnownFileType = sourcecode.c.h; explicitFileType = undefined; includeInIndex = 0; };
/* End PBXFileReference section */

/* Begin PBXFrameworksBuildPhase section */
		1D60588F0D05DD3D006BFB54 /* Frameworks */ = {
			isa = PBXFrameworksBuildPhase;
			buildActionMask = 2147483647;
			files = (
				301BF552109A68D80062928A /* libCordova.a in Frameworks */,
				9B8B16F4B3C04F2BB8A2E56F /* ImageIO.framework in Frameworks */,
				EE7BAE6A196F4B0D8E212656 /* CoreLocation.framework in Frameworks */,
				C7A7DED0ACAC4C6F849E86F9 /* AVFoundation.framework in Frameworks */,
				2DB22739B22E41EDA0BB7D0C /* AddressBook.framework in Frameworks */,
				F9F3B440D302420CA598E501 /* AddressBookUI.framework in Frameworks */,
				1CCECC4F6C3D4908983AFA34 /* CoreMotion.framework in Frameworks */,
				9E55F3B104E544A6A487DA11 /* AudioToolbox.framework in Frameworks */,
				DC1B2B9CD035485F95FF8DD7 /* SystemConfiguration.framework in Frameworks */,
				3E2D6433FBDB4085A94484CC /* CoreTelephony.framework in Frameworks */,
			);
			runOnlyForDeploymentPostprocessing = 0;
		};
/* End PBXFrameworksBuildPhase section */

/* Begin PBXGroup section */
		080E96DDFE201D6D7F000001 /* Classes */ = {
			isa = PBXGroup;
			children = (
				302D95EE14D2391D003F00A1 /* MainViewController.h */,
				302D95EF14D2391D003F00A1 /* MainViewController.m */,
				302D95F014D2391D003F00A1 /* MainViewController.xib */,
				1D3623240D0F684500981E51 /* AppDelegate.h */,
				1D3623250D0F684500981E51 /* AppDelegate.m */,
			);
			name = Classes;
			path = "shri-tv/Classes";
			sourceTree = SOURCE_ROOT;
		};
		19C28FACFE9D520D11CA2CBB /* Products */ = {
			isa = PBXGroup;
			children = (
				1D6058910D05DD3D006BFB54 /* shri-tv.app */,
			);
			name = Products;
			sourceTree = "<group>";
		};
		29B97314FDCFA39411CA2CEA /* CustomTemplate */ = {
			isa = PBXGroup;
			children = (
				EB87FDF41871DAF40020F90C /* config.xml */,
				EB87FDF31871DA8E0020F90C /* www */,
				EB87FDF11871DA420020F90C /* Staging */,
				301BF52D109A57CC0062928A /* CordovaLib.xcodeproj */,
				080E96DDFE201D6D7F000001 /* Classes */,
				307C750510C5A3420062BCA9 /* Plugins */,
				29B97315FDCFA39411CA2CEA /* Other Sources */,
				29B97317FDCFA39411CA2CEA /* Resources */,
				29B97323FDCFA39411CA2CEA /* Frameworks */,
				19C28FACFE9D520D11CA2CBB /* Products */,
			);
			name = CustomTemplate;
			sourceTree = "<group>";
		};
		29B97315FDCFA39411CA2CEA /* Other Sources */ = {
			isa = PBXGroup;
			children = (
				32CA4F630368D1EE00C91783 /* shri-tv-Prefix.pch */,
				29B97316FDCFA39411CA2CEA /* main.m */,
				ED33DF2A687741AEAF9F8254 /* Bridging-Header.h */,
			);
			name = "Other Sources";
			path = "shri-tv";
			sourceTree = "<group>";
		};
		29B97317FDCFA39411CA2CEA /* Resources */ = {
			isa = PBXGroup;
			children = (
				0207DA571B56EA530066E2B4 /* Images.xcassets */,
				3047A50E1AB8057F00498E2A /* config */,
				8D1107310486CEB800E47090 /* shri-tv-Info.plist */,
				4DFFFFE07F424574AF11EF70 /* CDVNotification.bundle */,
				E707D5510C2F4D7C83171244 /* CDVCapture.bundle */,
			);
			name = Resources;
			path = "shri-tv/Resources";
			sourceTree = "<group>";
		};
		29B97323FDCFA39411CA2CEA /* Frameworks */ = {
			isa = PBXGroup;
			children = (
				8E1B867B388F49E88BB6F2A1 /* ImageIO.framework */,
				DDF693C09E9947D69C3A5470 /* CoreLocation.framework */,
				711FF62E10CF4D6780CBADFF /* AVFoundation.framework */,
				4684EC738C2D4BFEBE457543 /* AddressBook.framework */,
				BF158E6145B042CC9EAAC2FE /* AddressBookUI.framework */,
				7522D00370AB426C9ADE69EC /* CoreMotion.framework */,
				2D2F267EBE3645778C579129 /* AudioToolbox.framework */,
				32A8FF12ED684BDAB38991D9 /* SystemConfiguration.framework */,
				70029A843CFF4EF79ADC4B45 /* CoreTelephony.framework */,
			);
			name = Frameworks;
			sourceTree = "<group>";
		};
		301BF52E109A57CC0062928A /* Products */ = {
			isa = PBXGroup;
			children = (
				301BF535109A57CC0062928A /* libCordova.a */,
			);
			name = Products;
			sourceTree = "<group>";
		};
		3047A50E1AB8057F00498E2A /* config */ = {
			isa = PBXGroup;
			children = (
				3047A50F1AB8059700498E2A /* build-debug.xcconfig */,
				3047A5101AB8059700498E2A /* build-release.xcconfig */,
				3047A5111AB8059700498E2A /* build.xcconfig */,
			);
			name = config;
			sourceTree = "<group>";
		};
		307C750510C5A3420062BCA9 /* Plugins */ = {
			isa = PBXGroup;
			children = (
				5D6101AF38AA4583BBBFE6E5 /* CDVBattery.m */,
				F0DBCD4CC34E4039852F636D /* CDVBattery.h */,
				2FB785D389DC49C78614B9A3 /* UIImage+CropScaleOrientation.m */,
				4CB5757FA3554738B94AAFA2 /* CDVCamera.m */,
				FD63101B9C9C4E4CB17AAA91 /* CDVJpegHeaderWriter.m */,
				B1F5E101BC064265B8CF209D /* UIImage+CropScaleOrientation.h */,
				1BB1D225F6F242DA8FF9062A /* CDVCamera.h */,
				48ACC58F2DBB4809B73ABA9D /* CDVJpegHeaderWriter.h */,
				BAC273ECC61343A8B462DFF4 /* CDVExif.h */,
				158E072F495342E5AE14259F /* CDVLogger.m */,
				C51DC7711EC94C91BBC82449 /* CDVLogger.h */,
				E3A2317DCB7F4B0390584E8E /* CDVContacts.m */,
				D40F36DF9365493882E18FD4 /* CDVContact.m */,
				83622C191C154B1D8A25B261 /* CDVContacts.h */,
				C34FFE992CB349BA86F17297 /* CDVContact.h */,
				DCED88F89BC345E3A7FF5AC7 /* CDVDevice.m */,
				9A6779DE44EE49C19E36F636 /* CDVDevice.h */,
				C890A3AFC01C409483370B7D /* CDVAccelerometer.m */,
				D96389BFBD0645489886BFE2 /* CDVAccelerometer.h */,
				37F55BF2806149F88C5A4FC3 /* CDVCompass.m */,
				F7377A10335E421289DCA0C9 /* CDVCompass.h */,
				8D2C5D8E38B241CF875A30F9 /* CDVNotification.m */,
				9C784E1732D545AB8A3F3335 /* CDVNotification.h */,
				8B0153A7A6314D678766BE2B /* CDVFile.m */,
				A93B1DBAA77A4F2A946A9389 /* CDVLocalFilesystem.m */,
				1A9232098A1C40F99499300A /* CDVAssetLibraryFilesystem.m */,
				F4FE2AA3D67249A49E2EC723 /* CDVFile.h */,
				3220ED75D5774D908B938A32 /* CDVLocalFilesystem.h */,
				2C708F1E29F8415281AAC4FE /* CDVAssetLibraryFilesystem.h */,
				D516538B3B1C44EF94BAE113 /* CDVFileTransfer.m */,
				CF5F922E4B904D7989992DD2 /* CDVFileTransfer.h */,
				9CDAA1113ADB4475B4BF2CDF /* CDVLocation.m */,
				0FDA9F207E524B9D8EF451CA /* CDVLocation.h */,
				34281F22344548E3A23CE73C /* CDVGlobalization.m */,
				1862D0E3C1AA4DA2A3480EF0 /* CDVGlobalization.h */,
				F8E9CF1BFBD14A21A0EC382B /* CDVInAppBrowser.m */,
				7E6C39D677584ED0B54B1E14 /* CDVInAppBrowser.h */,
				D1BFDE46E5414B7A8DFE717A /* CDVSound.m */,
				75F45DA6FBD746CFAE95683F /* CDVSound.h */,
				5D9A0EEDE8684C99A98B200A /* CDVCapture.m */,
				A240467BDD4D47F88E66B503 /* CDVCapture.h */,
				79DADACEBFBC45D6B2C99C96 /* CDVConnection.m */,
				38513A01F3DA497F9D7B792A /* CDVReachability.m */,
				67F39C83D8634994A7FEF222 /* CDVConnection.h */,
				2CF078C3E48046DD939C8826 /* CDVReachability.h */,
				1F5CADAD03A341C9AFFDE33B /* CDVSplashScreen.m */,
				9B722DE805F74AEC8A193D1D /* CDVViewController+SplashScreen.m */,
				32AB8E23FDB14C6C98407CA7 /* CDVSplashScreen.h */,
				44D0F06296F54AF2A6597218 /* CDVViewController+SplashScreen.h */,
				C46B8B38E7564667A69E289B /* CDVStatusBar.m */,
				3B1BEA3051DC44B9B348F875 /* CDVStatusBar.h */,
				F82356A4511B49F39A73D7F7 /* CDVVibration.m */,
				95FCCAF9F22A4291B2819415 /* CDVVibration.h */,
			);
			name = Plugins;
			path = "shri-tv/Plugins";
			sourceTree = SOURCE_ROOT;
		};
		EB87FDF11871DA420020F90C /* Staging */ = {
			isa = PBXGroup;
			children = (
				F840E1F0165FE0F500CFE078 /* config.xml */,
				301BF56E109A69640062928A /* www */,
			);
			name = Staging;
			sourceTree = "<group>";
		};
/* End PBXGroup section */

/* Begin PBXNativeTarget section */
		1D6058900D05DD3D006BFB54 /* shri-tv */ = {
			isa = PBXNativeTarget;
			buildConfigurationList = 1D6058960D05DD3E006BFB54 /* Build configuration list for PBXNativeTarget "shri-tv" */;
			buildPhases = (
				304B58A110DAC018002A0835 /* Copy www directory */,
				1D60588D0D05DD3D006BFB54 /* Resources */,
				1D60588E0D05DD3D006BFB54 /* Sources */,
				1D60588F0D05DD3D006BFB54 /* Frameworks */,
			);
			buildRules = (
			);
			dependencies = (
				301BF551109A68C00062928A /* PBXTargetDependency */,
			);
			name = "shri-tv";
			productName = "shri-tv";
			productReference = 1D6058910D05DD3D006BFB54 /* shri-tv.app */;
			productType = "com.apple.product-type.application";
		};
/* End PBXNativeTarget section */

/* Begin PBXProject section */
		29B97313FDCFA39411CA2CEA /* Project object */ = {
			isa = PBXProject;
			attributes = {
				LastUpgradeCheck = 510;
			};
			buildConfigurationList = C01FCF4E08A954540054247B /* Build configuration list for PBXProject "__NON-CLI__" */;
			compatibilityVersion = "Xcode 3.2";
			developmentRegion = English;
			hasScannedForEncodings = 1;
			mainGroup = 29B97314FDCFA39411CA2CEA /* CustomTemplate */;
			projectDirPath = "";
			projectReferences = (
				{
					ProductGroup = 301BF52E109A57CC0062928A /* Products */;
					ProjectRef = 301BF52D109A57CC0062928A /* CordovaLib.xcodeproj */;
				},
			);
			projectRoot = "";
			targets = (
				1D6058900D05DD3D006BFB54 /* shri-tv */,
			);
		};
/* End PBXProject section */

/* Begin PBXReferenceProxy section */
		301BF535109A57CC0062928A /* libCordova.a */ = {
			isa = PBXReferenceProxy;
			fileType = archive.ar;
			path = libCordova.a;
			remoteRef = 301BF534109A57CC0062928A /* PBXContainerItemProxy */;
			sourceTree = BUILT_PRODUCTS_DIR;
		};
/* End PBXReferenceProxy section */

/* Begin PBXResourcesBuildPhase section */
		1D60588D0D05DD3D006BFB54 /* Resources */ = {
			isa = PBXResourcesBuildPhase;
			buildActionMask = 2147483647;
			files = (
				302D95F214D2391D003F00A1 /* MainViewController.xib in Resources */,
				3047A5131AB8059700498E2A /* build-release.xcconfig in Resources */,
				3047A5141AB8059700498E2A /* build.xcconfig in Resources */,
				0207DA581B56EA530066E2B4 /* Images.xcassets in Resources */,
				3047A5121AB8059700498E2A /* build-debug.xcconfig in Resources */,
				34A19D0DD5E14F408E92A6D6 /* CDVNotification.bundle in Resources */,
				B28E372015DA49DD9846A1B8 /* CDVCapture.bundle in Resources */,
			);
			runOnlyForDeploymentPostprocessing = 0;
		};
/* End PBXResourcesBuildPhase section */

/* Begin PBXShellScriptBuildPhase section */
		304B58A110DAC018002A0835 /* Copy www directory */ = {
			isa = PBXShellScriptBuildPhase;
			buildActionMask = 2147483647;
			files = (
			);
			inputPaths = (
			);
			name = "Copy www directory";
			outputPaths = (
			);
			runOnlyForDeploymentPostprocessing = 0;
			shellPath = /bin/sh;
			shellScript = "NODEJS_PATH=/usr/local/bin; NVM_NODE_PATH=~/.nvm/versions/node/`nvm version 2>/dev/null`/bin; N_NODE_PATH=`find /usr/local/n/versions/node/* -maxdepth 0 -type d 2>/dev/null | tail -1`/bin; XCODE_NODE_PATH=`xcode-select --print-path`/usr/share/xcs/Node/bin; PATH=$NODEJS_PATH:$NVM_NODE_PATH:$N_NODE_PATH:$XCODE_NODE_PATH:$PATH && node cordova/lib/copy-www-build-step.js";
			showEnvVarsInLog = 0;
		};
/* End PBXShellScriptBuildPhase section */

/* Begin PBXSourcesBuildPhase section */
		1D60588E0D05DD3D006BFB54 /* Sources */ = {
			isa = PBXSourcesBuildPhase;
			buildActionMask = 2147483647;
			files = (
				1D60589B0D05DD56006BFB54 /* main.m in Sources */,
				1D3623260D0F684500981E51 /* AppDelegate.m in Sources */,
				302D95F114D2391D003F00A1 /* MainViewController.m in Sources */,
				9835266CAE12452FB1C11E20 /* CDVBattery.m in Sources */,
				69A14CF740DE4888A5263273 /* UIImage+CropScaleOrientation.m in Sources */,
				3CDD5D7CB35A44AD9AD8A5F2 /* CDVCamera.m in Sources */,
				2BB385FB11104C3482A8ACFD /* CDVJpegHeaderWriter.m in Sources */,
				B937788D800B47B68FFFAFAA /* CDVLogger.m in Sources */,
				54DE055F2A1A47A39651CD30 /* CDVContacts.m in Sources */,
				635B6B2CEBA24E6189AF3986 /* CDVContact.m in Sources */,
				D8500AA9095F4814AF9B42F6 /* CDVDevice.m in Sources */,
				ADC40B7864BC40E1A1B83816 /* CDVAccelerometer.m in Sources */,
				64597960B0F644DEB9E2028F /* CDVCompass.m in Sources */,
				89F32CE7282F4DDFBE727262 /* CDVNotification.m in Sources */,
				A2248A37789A479FB808D36B /* CDVFile.m in Sources */,
				662A7902086F4B1EB828B789 /* CDVLocalFilesystem.m in Sources */,
				994A5203E13E480D8B9ED45E /* CDVAssetLibraryFilesystem.m in Sources */,
				5B7534C5EA464851A87C402E /* CDVFileTransfer.m in Sources */,
				0619BC1151674A8C830B9EE8 /* CDVLocation.m in Sources */,
				820DC810602D4485861FE14C /* CDVGlobalization.m in Sources */,
				2C6CE008BF624DE0BCB6F4FB /* CDVInAppBrowser.m in Sources */,
				B2112DCCDA1345F6A9791CB1 /* CDVSound.m in Sources */,
				F5C84DD585A0488C8F7B49CD /* CDVCapture.m in Sources */,
				91BA2986F2EA44A4A45D37A2 /* CDVConnection.m in Sources */,
				C12A2283CF844A41A51CD40B /* CDVReachability.m in Sources */,
				D3B3F16D3FCC44DC92DF36B9 /* CDVSplashScreen.m in Sources */,
				F5998018E56C47C9A6EC1F7B /* CDVViewController+SplashScreen.m in Sources */,
				9C714F82DD2B4675BDB041B4 /* CDVStatusBar.m in Sources */,
				2B580688BB0842578F563D59 /* CDVVibration.m in Sources */,
			);
			runOnlyForDeploymentPostprocessing = 0;
		};
/* End PBXSourcesBuildPhase section */

/* Begin PBXTargetDependency section */
		301BF551109A68C00062928A /* PBXTargetDependency */ = {
			isa = PBXTargetDependency;
			name = CordovaLib;
			targetProxy = 301BF550109A68C00062928A /* PBXContainerItemProxy */;
		};
/* End PBXTargetDependency section */

/* Begin XCBuildConfiguration section */
		1D6058940D05DD3E006BFB54 /* Debug */ = {
			isa = XCBuildConfiguration;
			baseConfigurationReference = 3047A50F1AB8059700498E2A /* build-debug.xcconfig */;
			buildSettings = {
				ALWAYS_SEARCH_USER_PATHS = NO;
				ASSETCATALOG_COMPILER_APPICON_NAME = AppIcon;
				ASSETCATALOG_COMPILER_LAUNCHIMAGE_NAME = LaunchImage;
				CLANG_ENABLE_MODULES = YES;
				CLANG_ENABLE_OBJC_ARC = YES;
				COPY_PHASE_STRIP = NO;
				GCC_DYNAMIC_NO_PIC = NO;
				GCC_OPTIMIZATION_LEVEL = 0;
				GCC_PRECOMPILE_PREFIX_HEADER = YES;
				GCC_PREFIX_HEADER = "shri-tv/shri-tv-Prefix.pch";
				GCC_THUMB_SUPPORT = NO;
				GCC_VERSION = "";
				INFOPLIST_FILE = "shri-tv/shri-tv-Info.plist";
				LD_RUNPATH_SEARCH_PATHS = "@executable_path/Frameworks";
				PRODUCT_NAME = "shri-tv";
			};
			name = Debug;
		};
		1D6058950D05DD3E006BFB54 /* Release */ = {
			isa = XCBuildConfiguration;
			baseConfigurationReference = 3047A5101AB8059700498E2A /* build-release.xcconfig */;
			buildSettings = {
				ALWAYS_SEARCH_USER_PATHS = NO;
				ASSETCATALOG_COMPILER_APPICON_NAME = AppIcon;
				ASSETCATALOG_COMPILER_LAUNCHIMAGE_NAME = LaunchImage;
				CLANG_ENABLE_MODULES = YES;
				CLANG_ENABLE_OBJC_ARC = YES;
				COPY_PHASE_STRIP = YES;
				GCC_PRECOMPILE_PREFIX_HEADER = YES;
				GCC_PREFIX_HEADER = "shri-tv/shri-tv-Prefix.pch";
				GCC_THUMB_SUPPORT = NO;
				GCC_VERSION = "";
				INFOPLIST_FILE = "shri-tv/shri-tv-Info.plist";
				PRODUCT_NAME = "shri-tv";
			};
			name = Release;
		};
		C01FCF4F08A954540054247B /* Debug */ = {
			isa = XCBuildConfiguration;
			baseConfigurationReference = 3047A5111AB8059700498E2A /* build.xcconfig */;
			buildSettings = {
				CLANG_ENABLE_MODULES = YES;
				CLANG_ENABLE_OBJC_ARC = YES;
				CLANG_WARN_BOOL_CONVERSION = YES;
				CLANG_WARN_CONSTANT_CONVERSION = YES;
				CLANG_WARN_EMPTY_BODY = YES;
				CLANG_WARN_ENUM_CONVERSION = YES;
				CLANG_WARN_INT_CONVERSION = YES;
				CLANG_WARN__DUPLICATE_METHOD_MATCH = YES;
				GCC_C_LANGUAGE_STANDARD = c99;
				GCC_THUMB_SUPPORT = NO;
				GCC_VERSION = "";
				GCC_WARN_ABOUT_RETURN_TYPE = YES;
				GCC_WARN_UNDECLARED_SELECTOR = YES;
				GCC_WARN_UNINITIALIZED_AUTOS = YES;
				GCC_WARN_UNUSED_FUNCTION = YES;
				GCC_WARN_UNUSED_VARIABLE = YES;
				ONLY_ACTIVE_ARCH = YES;
				SDKROOT = iphoneos;
				SKIP_INSTALL = NO;
			};
			name = Debug;
		};
		C01FCF5008A954540054247B /* Release */ = {
			isa = XCBuildConfiguration;
			baseConfigurationReference = 3047A5111AB8059700498E2A /* build.xcconfig */;
			buildSettings = {
				CLANG_ENABLE_MODULES = YES;
				CLANG_ENABLE_OBJC_ARC = YES;
				CLANG_WARN_BOOL_CONVERSION = YES;
				CLANG_WARN_CONSTANT_CONVERSION = YES;
				CLANG_WARN_EMPTY_BODY = YES;
				CLANG_WARN_ENUM_CONVERSION = YES;
				CLANG_WARN_INT_CONVERSION = YES;
				CLANG_WARN__DUPLICATE_METHOD_MATCH = YES;
				GCC_C_LANGUAGE_STANDARD = c99;
				GCC_THUMB_SUPPORT = NO;
				GCC_VERSION = "";
				GCC_WARN_ABOUT_RETURN_TYPE = YES;
				GCC_WARN_UNDECLARED_SELECTOR = YES;
				GCC_WARN_UNINITIALIZED_AUTOS = YES;
				GCC_WARN_UNUSED_FUNCTION = YES;
				GCC_WARN_UNUSED_VARIABLE = YES;
				SDKROOT = iphoneos;
				SKIP_INSTALL = NO;
			};
			name = Release;
		};
/* End XCBuildConfiguration section */

/* Begin XCConfigurationList section */
		1D6058960D05DD3E006BFB54 /* Build configuration list for PBXNativeTarget "shri-tv" */ = {
			isa = XCConfigurationList;
			buildConfigurations = (
				1D6058940D05DD3E006BFB54 /* Debug */,
				1D6058950D05DD3E006BFB54 /* Release */,
			);
			defaultConfigurationIsVisible = 0;
			defaultConfigurationName = Release;
		};
		C01FCF4E08A954540054247B /* Build configuration list for PBXProject "__NON-CLI__" */ = {
			isa = XCConfigurationList;
			buildConfigurations = (
				C01FCF4F08A954540054247B /* Debug */,
				C01FCF5008A954540054247B /* Release */,
			);
			defaultConfigurationIsVisible = 0;
			defaultConfigurationName = Release;
		};
/* End XCConfigurationList section */
	};
	rootObject = 29B97313FDCFA39411CA2CEA /* Project object */;
}
